
Microsoft Visual Studio Solution File, Format Version 12.00
# Visual Studio Version 16
VisualStudioVersion = 16.0.30427.284
MinimumVisualStudioVersion = 10.0.40219.1
Project("{FAE04EC0-301F-11D3-BF4B-00C04F79EFBC}") = "Parent-Submodules", "Parent-Submodules\Parent-Submodules.csproj", "{007B8C96-FAF8-4434-A4A9-82F975FAD134}"
EndProject
Global
	GlobalSection(SolutionConfigurationPlatforms) = preSolution
		Debug|Any CPU = Debug|Any CPU
		Release|Any CPU = Release|Any CPU
	EndGlobalSection
	GlobalSection(ProjectConfigurationPlatforms) = postSolution
		{007B8C96-FAF8-4434-A4A9-82F975FAD134}.Debug|Any CPU.ActiveCfg = Debug|Any CPU
		{007B8C96-FAF8-4434-A4A9-82F975FAD134}.Debug|Any CPU.Build.0 = Debug|Any CPU
		{007B8C96-FAF8-4434-A4A9-82F975FAD134}.Release|Any CPU.ActiveCfg = Release|Any CPU
		{007B8C96-FAF8-4434-A4A9-82F975FAD134}.Release|Any CPU.Build.0 = Release|Any CPU
	EndGlobalSection
	GlobalSection(SolutionProperties) = preSolution
		HideSolutionNode = FALSE
	EndGlobalSection
	GlobalSection(ExtensibilityGlobals) = postSolution
		SolutionGuid = {7207DACD-54FD-44E7-A2AC-8E403FC10A7F}
	EndGlobalSection
EndGlobal
